
Microsoft Visual Studio Solution File, Format Version 12.00
# Visual Studio Version 17
VisualStudioVersion = 17.3.32922.545
MinimumVisualStudioVersion = 10.0.40219.1
Project("{8BC9CEB8-8B4A-11D0-8D11-00A0C91BC942}") = "Coding-Exercises", "Coding-Exercises.vcxproj", "{40751069-152F-4F24-BF4B-F73DAEFAA658}"
EndProject
Project("{2150E333-8FDC-42A3-9474-1A3956D46DE8}") = "Elementy rozwiązania", "Elementy rozwiązania", "{BB84ACB4-2166-4661-B579-CBBB229C7E7F}"
EndProject
Project("{8BC9CEB8-8B4A-11D0-8D11-00A0C91BC942}") = "ExercisesTests", "ExercisesTests\ExercisesTests.vcxproj", "{1CCB7DD0-2E5A-4798-A355-47FEF6A624DB}"
EndProject
Global
	GlobalSection(SolutionConfigurationPlatforms) = preSolution
		Debug|x64 = Debug|x64
		Debug|x86 = Debug|x86
		Release|x64 = Release|x64
		Release|x86 = Release|x86
	EndGlobalSection
	GlobalSection(ProjectConfigurationPlatforms) = postSolution
		{40751069-152F-4F24-BF4B-F73DAEFAA658}.Debug|x64.ActiveCfg = Debug|x64
		{40751069-152F-4F24-BF4B-F73DAEFAA658}.Debug|x64.Build.0 = Debug|x64
		{40751069-152F-4F24-BF4B-F73DAEFAA658}.Debug|x86.ActiveCfg = Debug|Win32
		{40751069-152F-4F24-BF4B-F73DAEFAA658}.Debug|x86.Build.0 = Debug|Win32
		{40751069-152F-4F24-BF4B-F73DAEFAA658}.Release|x64.ActiveCfg = Release|x64
		{40751069-152F-4F24-BF4B-F73DAEFAA658}.Release|x64.Build.0 = Release|x64
		{40751069-152F-4F24-BF4B-F73DAEFAA658}.Release|x86.ActiveCfg = Release|Win32
		{40751069-152F-4F24-BF4B-F73DAEFAA658}.Release|x86.Build.0 = Release|Win32
		{1CCB7DD0-2E5A-4798-A355-47FEF6A624DB}.Debug|x64.ActiveCfg = Debug|x64
		{1CCB7DD0-2E5A-4798-A355-47FEF6A624DB}.Debug|x64.Build.0 = Debug|x64
		{1CCB7DD0-2E5A-4798-A355-47FEF6A624DB}.Debug|x86.ActiveCfg = Debug|Win32
		{1CCB7DD0-2E5A-4798-A355-47FEF6A624DB}.Debug|x86.Build.0 = Debug|Win32
		{1CCB7DD0-2E5A-4798-A355-47FEF6A624DB}.Release|x64.ActiveCfg = Release|x64
		{1CCB7DD0-2E5A-4798-A355-47FEF6A624DB}.Release|x64.Build.0 = Release|x64
		{1CCB7DD0-2E5A-4798-A355-47FEF6A624DB}.Release|x86.ActiveCfg = Release|Win32
		{1CCB7DD0-2E5A-4798-A355-47FEF6A624DB}.Release|x86.Build.0 = Release|Win32
	EndGlobalSection
	GlobalSection(SolutionProperties) = preSolution
		HideSolutionNode = FALSE
	EndGlobalSection
	GlobalSection(ExtensibilityGlobals) = postSolution
		SolutionGuid = {E20FE187-7790-4108-9B52-EF05FD1AA27C}
	EndGlobalSection
EndGlobal
